
Microsoft Visual Studio Solution File, Format Version 12.00
# Visual Studio Version 16
VisualStudioVersion = 16.0.29926.136
MinimumVisualStudioVersion = 10.0.40219.1
Project("{FAE04EC0-301F-11D3-BF4B-00C04F79EFBC}") = "Pong3U", "Pong3U\Pong3U.csproj", "{338D5602-B3C1-44BB-8FF6-6F81191BC121}"
EndProject
Global
	GlobalSection(SolutionConfigurationPlatforms) = preSolution
		Debug|Any CPU = Debug|Any CPU
		Release|Any CPU = Release|Any CPU
	EndGlobalSection
	GlobalSection(ProjectConfigurationPlatforms) = postSolution
		{338D5602-B3C1-44BB-8FF6-6F81191BC121}.Debug|Any CPU.ActiveCfg = Debug|Any CPU
		{338D5602-B3C1-44BB-8FF6-6F81191BC121}.Debug|Any CPU.Build.0 = Debug|Any CPU
		{338D5602-B3C1-44BB-8FF6-6F81191BC121}.Release|Any CPU.ActiveCfg = Release|Any CPU
		{338D5602-B3C1-44BB-8FF6-6F81191BC121}.Release|Any CPU.Build.0 = Release|Any CPU
	EndGlobalSection
	GlobalSection(SolutionProperties) = preSolution
		HideSolutionNode = FALSE
	EndGlobalSection
	GlobalSection(ExtensibilityGlobals) = postSolution
		SolutionGuid = {EDC8364C-BBAD-46A4-AF52-287EDA3C62BB}
	EndGlobalSection
EndGlobal
